{
    "name": "thready",
    "version": "1.0.0",
    "lockfileVersion": 2,
    "requires": true,
    "packages": {
        "": {
            "name": "thready",
            "version": "1.0.0",
            "license": "ISC",
            "dependencies": {
                "chalk": "^5.0.1",
                "uuid": "^8.3.2"
            },
            "devDependencies": {
                "@types/node": "^17.0.23",
                "@types/uuid": "^8.3.4"
            }
        },
        "node_modules/@types/node": {
            "version": "17.0.23",
            "resolved": "https://registry.npmjs.org/@types/node/-/node-17.0.23.tgz",
            "integrity": "sha512-UxDxWn7dl97rKVeVS61vErvw086aCYhDLyvRQZ5Rk65rZKepaFdm53GeqXaKBuOhED4e9uWq34IC3TdSdJJ2Gw==",
            "dev": true
        },
        "node_modules/@types/uuid": {
            "version": "8.3.4",
            "resolved": "https://registry.npmjs.org/@types/uuid/-/uuid-8.3.4.tgz",
            "integrity": "sha512-c/I8ZRb51j+pYGAu5CrFMRxqZ2ke4y2grEBO5AUjgSkSk+qT2Ea+OdWElz/OiMf5MNpn2b17kuVBwZLQJXzihw==",
            "dev": true
        },
        "node_modules/chalk": {
            "version": "5.0.1",
            "resolved": "https://registry.npmjs.org/chalk/-/chalk-5.0.1.tgz",
            "integrity": "sha512-Fo07WOYGqMfCWHOzSXOt2CxDbC6skS/jO9ynEcmpANMoPrD+W1r1K6Vx7iNm+AQmETU1Xr2t+n8nzkV9t6xh3w==",
            "engines": {
                "node": "^12.17.0 || ^14.13 || >=16.0.0"
            },
            "funding": {
                "url": "https://github.com/chalk/chalk?sponsor=1"
            }
        },
        "node_modules/uuid": {
            "version": "8.3.2",
            "resolved": "https://registry.npmjs.org/uuid/-/uuid-8.3.2.tgz",
            "integrity": "sha512-+NYs2QeMWy+GWFOEm9xnn6HCDp0l7QBD7ml8zLUmJ+93Q5NF0NocErnwkTkXVFNiX3/fpC6afS8Dhb/gz7R7eg==",
            "bin": {
                "uuid": "dist/bin/uuid"
            }
        }
    },
    "dependencies": {
        "@types/node": {
            "version": "17.0.23",
            "resolved": "https://registry.npmjs.org/@types/node/-/node-17.0.23.tgz",
            "integrity": "sha512-UxDxWn7dl97rKVeVS61vErvw086aCYhDLyvRQZ5Rk65rZKepaFdm53GeqXaKBuOhED4e9uWq34IC3TdSdJJ2Gw==",
            "dev": true
        },
        "@types/uuid": {
            "version": "8.3.4",
            "resolved": "https://registry.npmjs.org/@types/uuid/-/uuid-8.3.4.tgz",
            "integrity": "sha512-c/I8ZRb51j+pYGAu5CrFMRxqZ2ke4y2grEBO5AUjgSkSk+qT2Ea+OdWElz/OiMf5MNpn2b17kuVBwZLQJXzihw==",
            "dev": true
        },
        "chalk": {
            "version": "5.0.1",
            "resolved": "https://registry.npmjs.org/chalk/-/chalk-5.0.1.tgz",
            "integrity": "sha512-Fo07WOYGqMfCWHOzSXOt2CxDbC6skS/jO9ynEcmpANMoPrD+W1r1K6Vx7iNm+AQmETU1Xr2t+n8nzkV9t6xh3w=="
        },
        "uuid": {
            "version": "8.3.2",
            "resolved": "https://registry.npmjs.org/uuid/-/uuid-8.3.2.tgz",
            "integrity": "sha512-+NYs2QeMWy+GWFOEm9xnn6HCDp0l7QBD7ml8zLUmJ+93Q5NF0NocErnwkTkXVFNiX3/fpC6afS8Dhb/gz7R7eg=="
        }
    }
}
